
Microsoft Visual Studio Solution File, Format Version 12.00
# Visual Studio Version 16
VisualStudioVersion = 16.0.32413.511
MinimumVisualStudioVersion = 10.0.40219.1
Project("{FAE04EC0-301F-11D3-BF4B-00C04F79EFBC}") = "CRUDUsingADO.Net", "CRUDUsingADO.Net\CRUDUsingADO.Net.csproj", "{F4936AAE-282C-49A9-9E66-F42100735BCA}"
EndProject
Global
	GlobalSection(SolutionConfigurationPlatforms) = preSolution
		Debug|Any CPU = Debug|Any CPU
		Release|Any CPU = Release|Any CPU
	EndGlobalSection
	GlobalSection(ProjectConfigurationPlatforms) = postSolution
		{F4936AAE-282C-49A9-9E66-F42100735BCA}.Debug|Any CPU.ActiveCfg = Debug|Any CPU
		{F4936AAE-282C-49A9-9E66-F42100735BCA}.Debug|Any CPU.Build.0 = Debug|Any CPU
		{F4936AAE-282C-49A9-9E66-F42100735BCA}.Release|Any CPU.ActiveCfg = Release|Any CPU
		{F4936AAE-282C-49A9-9E66-F42100735BCA}.Release|Any CPU.Build.0 = Release|Any CPU
	EndGlobalSection
	GlobalSection(SolutionProperties) = preSolution
		HideSolutionNode = FALSE
	EndGlobalSection
	GlobalSection(ExtensibilityGlobals) = postSolution
		SolutionGuid = {FDBE455C-BE0C-494D-89F1-7F3D94D04981}
	EndGlobalSection
EndGlobal
